// !$*UTF8*$!
{
	archiveVersion = 1;
	classes = {
	};
	objectVersion = 50;
	objects = {

/* Begin PBXBuildFile section */
		8464616425D558FE00246F64 /* AppDelegate.swift in Sources */ = {isa = PBXBuildFile; fileRef = 8464616325D558FE00246F64 /* AppDelegate.swift */; };
		8464616625D558FE00246F64 /* SceneDelegate.swift in Sources */ = {isa = PBXBuildFile; fileRef = 8464616525D558FE00246F64 /* SceneDelegate.swift */; };
		8464616825D558FE00246F64 /* ViewController.swift in Sources */ = {isa = PBXBuildFile; fileRef = 8464616725D558FE00246F64 /* ViewController.swift */; };
		8464616B25D558FE00246F64 /* Main.storyboard in Resources */ = {isa = PBXBuildFile; fileRef = 8464616925D558FE00246F64 /* Main.storyboard */; };
		8464616D25D5590000246F64 /* Assets.xcassets in Resources */ = {isa = PBXBuildFile; fileRef = 8464616C25D5590000246F64 /* Assets.xcassets */; };
		8464617025D5590000246F64 /* LaunchScreen.storyboard in Resources */ = {isa = PBXBuildFile; fileRef = 8464616E25D5590000246F64 /* LaunchScreen.storyboard */; };
		8464617925D55CE300246F64 /* Droplets.fsh in Resources */ = {isa = PBXBuildFile; fileRef = 8464617825D55CE300246F64 /* Droplets.fsh */; };
		8464618725D55CF900246F64 /* WaterNode.swift in Sources */ = {isa = PBXBuildFile; fileRef = 8464617C25D55CF900246F64 /* WaterNode.swift */; };
		8464618825D55CF900246F64 /* WaterJoint.swift in Sources */ = {isa = PBXBuildFile; fileRef = 8464617D25D55CF900246F64 /* WaterJoint.swift */; };
		8464618A25D55CF900246F64 /* Splashable.swift in Sources */ = {isa = PBXBuildFile; fileRef = 8464618325D55CF900246F64 /* Splashable.swift */; };
		8464618B25D55CF900246F64 /* Renderable.swift in Sources */ = {isa = PBXBuildFile; fileRef = 8464618425D55CF900246F64 /* Renderable.swift */; };
		8464618C25D55CF900246F64 /* Updatable.swift in Sources */ = {isa = PBXBuildFile; fileRef = 8464618525D55CF900246F64 /* Updatable.swift */; };
		8464618D25D55CF900246F64 /* Droplet.swift in Sources */ = {isa = PBXBuildFile; fileRef = 8464618625D55CF900246F64 /* Droplet.swift */; };
		8464619025D55D2D00246F64 /* AquaProgressIndicatorScene.swift in Sources */ = {isa = PBXBuildFile; fileRef = 8464618F25D55D2D00246F64 /* AquaProgressIndicatorScene.swift */; };
		847CE79C25D77C48003731F1 /* CausticDroplet.fsh in Resources */ = {isa = PBXBuildFile; fileRef = 847CE79B25D77C48003731F1 /* CausticDroplet.fsh */; };
		847CE7A225D83E4E003731F1 /* AquaProgressIndicator.swift in Sources */ = {isa = PBXBuildFile; fileRef = 847CE7A125D83E4E003731F1 /* AquaProgressIndicator.swift */; };
		84A3DB6A25D724A7006B4114 /* NumTypes+Random.swift in Sources */ = {isa = PBXBuildFile; fileRef = 84A3DB6825D724A7006B4114 /* NumTypes+Random.swift */; };
		84A3DB6B25D724A7006B4114 /* DispatchQueue+DispatchOnce.swift in Sources */ = {isa = PBXBuildFile; fileRef = 84A3DB6925D724A7006B4114 /* DispatchQueue+DispatchOnce.swift */; };
		84D719A225E0334F0074AC11 /* DynamicWaterNode.m in Sources */ = {isa = PBXBuildFile; fileRef = 84D719A025E0334F0074AC11 /* DynamicWaterNode.m */; };
/* End PBXBuildFile section */

/* Begin PBXFileReference section */
		8464616025D558FE00246F64 /* AquaProgressIndicatorSample.app */ = {isa = PBXFileReference; explicitFileType = wrapper.application; includeInIndex = 0; path = AquaProgressIndicatorSample.app; sourceTree = BUILT_PRODUCTS_DIR; };
		8464616325D558FE00246F64 /* AppDelegate.swift */ = {isa = PBXFileReference; lastKnownFileType = sourcecode.swift; path = AppDelegate.swift; sourceTree = "<group>"; };
		8464616525D558FE00246F64 /* SceneDelegate.swift */ = {isa = PBXFileReference; lastKnownFileType = sourcecode.swift; path = SceneDelegate.swift; sourceTree = "<group>"; };
		8464616725D558FE00246F64 /* ViewController.swift */ = {isa = PBXFileReference; lastKnownFileType = sourcecode.swift; path = ViewController.swift; sourceTree = "<group>"; };
		8464616A25D558FE00246F64 /* Base */ = {isa = PBXFileReference; lastKnownFileType = file.storyboard; name = Base; path = Base.lproj/Main.storyboard; sourceTree = "<group>"; };
		8464616C25D5590000246F64 /* Assets.xcassets */ = {isa = PBXFileReference; lastKnownFileType = folder.assetcatalog; path = Assets.xcassets; sourceTree = "<group>"; };
		8464616F25D5590000246F64 /* Base */ = {isa = PBXFileReference; lastKnownFileType = file.storyboard; name = Base; path = Base.lproj/LaunchScreen.storyboard; sourceTree = "<group>"; };
		8464617125D5590000246F64 /* Info.plist */ = {isa = PBXFileReference; lastKnownFileType = text.plist.xml; path = Info.plist; sourceTree = "<group>"; };
		8464617825D55CE300246F64 /* Droplets.fsh */ = {isa = PBXFileReference; fileEncoding = 4; lastKnownFileType = sourcecode.glsl; path = Droplets.fsh; sourceTree = "<group>"; };
		8464617C25D55CF900246F64 /* WaterNode.swift */ = {isa = PBXFileReference; fileEncoding = 4; lastKnownFileType = sourcecode.swift; path = WaterNode.swift; sourceTree = "<group>"; };
		8464617D25D55CF900246F64 /* WaterJoint.swift */ = {isa = PBXFileReference; fileEncoding = 4; lastKnownFileType = sourcecode.swift; path = WaterJoint.swift; sourceTree = "<group>"; };
		8464618325D55CF900246F64 /* Splashable.swift */ = {isa = PBXFileReference; fileEncoding = 4; lastKnownFileType = sourcecode.swift; path = Splashable.swift; sourceTree = "<group>"; };
		8464618425D55CF900246F64 /* Renderable.swift */ = {isa = PBXFileReference; fileEncoding = 4; lastKnownFileType = sourcecode.swift; path = Renderable.swift; sourceTree = "<group>"; };
		8464618525D55CF900246F64 /* Updatable.swift */ = {isa = PBXFileReference; fileEncoding = 4; lastKnownFileType = sourcecode.swift; path = Updatable.swift; sourceTree = "<group>"; };
		8464618625D55CF900246F64 /* Droplet.swift */ = {isa = PBXFileReference; fileEncoding = 4; lastKnownFileType = sourcecode.swift; path = Droplet.swift; sourceTree = "<group>"; };
		8464618F25D55D2D00246F64 /* AquaProgressIndicatorScene.swift */ = {isa = PBXFileReference; fileEncoding = 4; lastKnownFileType = sourcecode.swift; path = AquaProgressIndicatorScene.swift; sourceTree = "<group>"; };
		847CE79B25D77C48003731F1 /* CausticDroplet.fsh */ = {isa = PBXFileReference; fileEncoding = 4; lastKnownFileType = sourcecode.glsl; path = CausticDroplet.fsh; sourceTree = "<group>"; };
		847CE7A125D83E4E003731F1 /* AquaProgressIndicator.swift */ = {isa = PBXFileReference; lastKnownFileType = sourcecode.swift; path = AquaProgressIndicator.swift; sourceTree = "<group>"; };
		84A3DB5E25D72325006B4114 /* AquaProgressIndicatorSample-Bridging-Header.h */ = {isa = PBXFileReference; lastKnownFileType = sourcecode.c.h; path = "AquaProgressIndicatorSample-Bridging-Header.h"; sourceTree = "<group>"; };
		84A3DB6825D724A7006B4114 /* NumTypes+Random.swift */ = {isa = PBXFileReference; fileEncoding = 4; lastKnownFileType = sourcecode.swift; path = "NumTypes+Random.swift"; sourceTree = "<group>"; };
		84A3DB6925D724A7006B4114 /* DispatchQueue+DispatchOnce.swift */ = {isa = PBXFileReference; fileEncoding = 4; lastKnownFileType = sourcecode.swift; path = "DispatchQueue+DispatchOnce.swift"; sourceTree = "<group>"; };
		84D719A025E0334F0074AC11 /* DynamicWaterNode.m */ = {isa = PBXFileReference; fileEncoding = 4; lastKnownFileType = sourcecode.c.objc; path = DynamicWaterNode.m; sourceTree = "<group>"; };
		84D719A125E0334F0074AC11 /* DynamicWaterNode.h */ = {isa = PBXFileReference; fileEncoding = 4; lastKnownFileType = sourcecode.c.h; path = DynamicWaterNode.h; sourceTree = "<group>"; };
/* End PBXFileReference section */

/* Begin PBXFrameworksBuildPhase section */
		8464615D25D558FE00246F64 /* Frameworks */ = {
			isa = PBXFrameworksBuildPhase;
			buildActionMask = 2147483647;
			files = (
			);
			runOnlyForDeploymentPostprocessing = 0;
		};
/* End PBXFrameworksBuildPhase section */

/* Begin PBXGroup section */
		8464615725D558FE00246F64 = {
			isa = PBXGroup;
			children = (
				8464616225D558FE00246F64 /* AquaProgressIndicatorSample */,
				8464616125D558FE00246F64 /* Products */,
			);
			sourceTree = "<group>";
		};
		8464616125D558FE00246F64 /* Products */ = {
			isa = PBXGroup;
			children = (
				8464616025D558FE00246F64 /* AquaProgressIndicatorSample.app */,
			);
			name = Products;
			sourceTree = "<group>";
		};
		8464616225D558FE00246F64 /* AquaProgressIndicatorSample */ = {
			isa = PBXGroup;
			children = (
				8464616325D558FE00246F64 /* AppDelegate.swift */,
				8464616525D558FE00246F64 /* SceneDelegate.swift */,
				8464616725D558FE00246F64 /* ViewController.swift */,
				84D719A525E034320074AC11 /* Briging Header */,
				84D7199A25E031470074AC11 /* AquaProgressIndicator */,
				84D7199C25E031740074AC11 /* Resources */,
				8464617125D5590000246F64 /* Info.plist */,
			);
			path = AquaProgressIndicatorSample;
			sourceTree = "<group>";
		};
		8464617B25D55CF900246F64 /* Water Node */ = {
			isa = PBXGroup;
			children = (
				8464617C25D55CF900246F64 /* WaterNode.swift */,
				8464617D25D55CF900246F64 /* WaterJoint.swift */,
				8464617E25D55CF900246F64 /* Objc */,
				8464618225D55CF900246F64 /* Protocols */,
				8464618625D55CF900246F64 /* Droplet.swift */,
			);
			path = "Water Node";
			sourceTree = "<group>";
		};
		8464617E25D55CF900246F64 /* Objc */ = {
			isa = PBXGroup;
			children = (
				84D719A125E0334F0074AC11 /* DynamicWaterNode.h */,
				84D719A025E0334F0074AC11 /* DynamicWaterNode.m */,
			);
			path = Objc;
			sourceTree = "<group>";
		};
		8464618225D55CF900246F64 /* Protocols */ = {
			isa = PBXGroup;
			children = (
				8464618325D55CF900246F64 /* Splashable.swift */,
				8464618425D55CF900246F64 /* Renderable.swift */,
				8464618525D55CF900246F64 /* Updatable.swift */,
			);
			path = Protocols;
			sourceTree = "<group>";
		};
		847CE79E25D80162003731F1 /* Shaders */ = {
			isa = PBXGroup;
			children = (
				8464617825D55CE300246F64 /* Droplets.fsh */,
				847CE79B25D77C48003731F1 /* CausticDroplet.fsh */,
			);
			path = Shaders;
			sourceTree = "<group>";
		};
		84A3DB6725D724A7006B4114 /* Extensions */ = {
			isa = PBXGroup;
			children = (
				84A3DB6825D724A7006B4114 /* NumTypes+Random.swift */,
				84A3DB6925D724A7006B4114 /* DispatchQueue+DispatchOnce.swift */,
			);
			path = Extensions;
			sourceTree = "<group>";
		};
		84D7199A25E031470074AC11 /* AquaProgressIndicator */ = {
			isa = PBXGroup;
			children = (
				847CE7A125D83E4E003731F1 /* AquaProgressIndicator.swift */,
				8464618F25D55D2D00246F64 /* AquaProgressIndicatorScene.swift */,
				84A3DB6725D724A7006B4114 /* Extensions */,
				8464617B25D55CF900246F64 /* Water Node */,
				847CE79E25D80162003731F1 /* Shaders */,
			);
			path = AquaProgressIndicator;
			sourceTree = "<group>";
		};
		84D7199C25E031740074AC11 /* Resources */ = {
			isa = PBXGroup;
			children = (
				8464616925D558FE00246F64 /* Main.storyboard */,
				8464616C25D5590000246F64 /* Assets.xcassets */,
				8464616E25D5590000246F64 /* LaunchScreen.storyboard */,
			);
			path = Resources;
			sourceTree = "<group>";
		};
		84D719A525E034320074AC11 /* Briging Header */ = {
			isa = PBXGroup;
			children = (
				84A3DB5E25D72325006B4114 /* AquaProgressIndicatorSample-Bridging-Header.h */,
			);
			path = "Briging Header";
			sourceTree = "<group>";
		};
/* End PBXGroup section */

/* Begin PBXNativeTarget section */
		8464615F25D558FE00246F64 /* AquaProgressIndicatorSample */ = {
			isa = PBXNativeTarget;
			buildConfigurationList = 8464617425D5590000246F64 /* Build configuration list for PBXNativeTarget "AquaProgressIndicatorSample" */;
			buildPhases = (
				8464615C25D558FE00246F64 /* Sources */,
				8464615D25D558FE00246F64 /* Frameworks */,
				8464615E25D558FE00246F64 /* Resources */,
			);
			buildRules = (
			);
			dependencies = (
			);
			name = AquaProgressIndicatorSample;
			productName = WaterActivityIndicatorSample;
			productReference = 8464616025D558FE00246F64 /* AquaProgressIndicatorSample.app */;
			productType = "com.apple.product-type.application";
		};
/* End PBXNativeTarget section */

/* Begin PBXProject section */
		8464615825D558FE00246F64 /* Project object */ = {
			isa = PBXProject;
			attributes = {
				LastSwiftUpdateCheck = 1230;
				LastUpgradeCheck = 1230;
				TargetAttributes = {
					8464615F25D558FE00246F64 = {
						CreatedOnToolsVersion = 12.3;
					};
				};
			};
			buildConfigurationList = 8464615B25D558FE00246F64 /* Build configuration list for PBXProject "AquaProgressIndicatorSample" */;
			compatibilityVersion = "Xcode 9.3";
			developmentRegion = en;
			hasScannedForEncodings = 0;
			knownRegions = (
				en,
				Base,
			);
			mainGroup = 8464615725D558FE00246F64;
			productRefGroup = 8464616125D558FE00246F64 /* Products */;
			projectDirPath = "";
			projectRoot = "";
			targets = (
				8464615F25D558FE00246F64 /* AquaProgressIndicatorSample */,
			);
		};
/* End PBXProject section */

/* Begin PBXResourcesBuildPhase section */
		8464615E25D558FE00246F64 /* Resources */ = {
			isa = PBXResourcesBuildPhase;
			buildActionMask = 2147483647;
			files = (
				8464617925D55CE300246F64 /* Droplets.fsh in Resources */,
				847CE79C25D77C48003731F1 /* CausticDroplet.fsh in Resources */,
				8464617025D5590000246F64 /* LaunchScreen.storyboard in Resources */,
				8464616D25D5590000246F64 /* Assets.xcassets in Resources */,
				8464616B25D558FE00246F64 /* Main.storyboard in Resources */,
			);
			runOnlyForDeploymentPostprocessing = 0;
		};
/* End PBXResourcesBuildPhase section */

/* Begin PBXSourcesBuildPhase section */
		8464615C25D558FE00246F64 /* Sources */ = {
			isa = PBXSourcesBuildPhase;
			buildActionMask = 2147483647;
			files = (
				8464618825D55CF900246F64 /* WaterJoint.swift in Sources */,
				8464616825D558FE00246F64 /* ViewController.swift in Sources */,
				8464619025D55D2D00246F64 /* AquaProgressIndicatorScene.swift in Sources */,
				847CE7A225D83E4E003731F1 /* AquaProgressIndicator.swift in Sources */,
				8464616425D558FE00246F64 /* AppDelegate.swift in Sources */,
				84A3DB6A25D724A7006B4114 /* NumTypes+Random.swift in Sources */,
				8464618C25D55CF900246F64 /* Updatable.swift in Sources */,
				8464618D25D55CF900246F64 /* Droplet.swift in Sources */,
				8464618A25D55CF900246F64 /* Splashable.swift in Sources */,
				84D719A225E0334F0074AC11 /* DynamicWaterNode.m in Sources */,
				8464616625D558FE00246F64 /* SceneDelegate.swift in Sources */,
				8464618725D55CF900246F64 /* WaterNode.swift in Sources */,
				84A3DB6B25D724A7006B4114 /* DispatchQueue+DispatchOnce.swift in Sources */,
				8464618B25D55CF900246F64 /* Renderable.swift in Sources */,
			);
			runOnlyForDeploymentPostprocessing = 0;
		};
/* End PBXSourcesBuildPhase section */

/* Begin PBXVariantGroup section */
		8464616925D558FE00246F64 /* Main.storyboard */ = {
			isa = PBXVariantGroup;
			children = (
				8464616A25D558FE00246F64 /* Base */,
			);
			name = Main.storyboard;
			sourceTree = "<group>";
		};
		8464616E25D5590000246F64 /* LaunchScreen.storyboard */ = {
			isa = PBXVariantGroup;
			children = (
				8464616F25D5590000246F64 /* Base */,
			);
			name = LaunchScreen.storyboard;
			sourceTree = "<group>";
		};
/* End PBXVariantGroup section */

/* Begin XCBuildConfiguration section */
		8464617225D5590000246F64 /* Debug */ = {
			isa = XCBuildConfiguration;
			buildSettings = {
				ALWAYS_SEARCH_USER_PATHS = NO;
				CLANG_ANALYZER_NONNULL = YES;
				CLANG_ANALYZER_NUMBER_OBJECT_CONVERSION = YES_AGGRESSIVE;
				CLANG_CXX_LANGUAGE_STANDARD = "gnu++14";
				CLANG_CXX_LIBRARY = "libc++";
				CLANG_ENABLE_MODULES = YES;
				CLANG_ENABLE_OBJC_ARC = YES;
				CLANG_ENABLE_OBJC_WEAK = YES;
				CLANG_WARN_BLOCK_CAPTURE_AUTORELEASING = YES;
				CLANG_WARN_BOOL_CONVERSION = YES;
				CLANG_WARN_COMMA = YES;
				CLANG_WARN_CONSTANT_CONVERSION = YES;
				CLANG_WARN_DEPRECATED_OBJC_IMPLEMENTATIONS = YES;
				CLANG_WARN_DIRECT_OBJC_ISA_USAGE = YES_ERROR;
				CLANG_WARN_DOCUMENTATION_COMMENTS = YES;
				CLANG_WARN_EMPTY_BODY = YES;
				CLANG_WARN_ENUM_CONVERSION = YES;
				CLANG_WARN_INFINITE_RECURSION = YES;
				CLANG_WARN_INT_CONVERSION = YES;
				CLANG_WARN_NON_LITERAL_NULL_CONVERSION = YES;
				CLANG_WARN_OBJC_IMPLICIT_RETAIN_SELF = YES;
				CLANG_WARN_OBJC_LITERAL_CONVERSION = YES;
				CLANG_WARN_OBJC_ROOT_CLASS = YES_ERROR;
				CLANG_WARN_QUOTED_INCLUDE_IN_FRAMEWORK_HEADER = YES;
				CLANG_WARN_RANGE_LOOP_ANALYSIS = YES;
				CLANG_WARN_STRICT_PROTOTYPES = YES;
				CLANG_WARN_SUSPICIOUS_MOVE = YES;
				CLANG_WARN_UNGUARDED_AVAILABILITY = YES_AGGRESSIVE;
				CLANG_WARN_UNREACHABLE_CODE = YES;
				CLANG_WARN__DUPLICATE_METHOD_MATCH = YES;
				COPY_PHASE_STRIP = NO;
				DEBUG_INFORMATION_FORMAT = dwarf;
				ENABLE_STRICT_OBJC_MSGSEND = YES;
				ENABLE_TESTABILITY = YES;
				GCC_C_LANGUAGE_STANDARD = gnu11;
				GCC_DYNAMIC_NO_PIC = NO;
				GCC_NO_COMMON_BLOCKS = YES;
				GCC_OPTIMIZATION_LEVEL = 0;
				GCC_PREPROCESSOR_DEFINITIONS = (
					"DEBUG=1",
					"$(inherited)",
				);
				GCC_WARN_64_TO_32_BIT_CONVERSION = YES;
				GCC_WARN_ABOUT_RETURN_TYPE = YES_ERROR;
				GCC_WARN_UNDECLARED_SELECTOR = YES;
				GCC_WARN_UNINITIALIZED_AUTOS = YES_AGGRESSIVE;
				GCC_WARN_UNUSED_FUNCTION = YES;
				GCC_WARN_UNUSED_VARIABLE = YES;
				IPHONEOS_DEPLOYMENT_TARGET = 14.3;
				MTL_ENABLE_DEBUG_INFO = INCLUDE_SOURCE;
				MTL_FAST_MATH = YES;
				ONLY_ACTIVE_ARCH = YES;
				SDKROOT = iphoneos;
				SWIFT_ACTIVE_COMPILATION_CONDITIONS = DEBUG;
				SWIFT_OPTIMIZATION_LEVEL = "-Onone";
			};
			name = Debug;
		};
		8464617325D5590000246F64 /* Release */ = {
			isa = XCBuildConfiguration;
			buildSettings = {
				ALWAYS_SEARCH_USER_PATHS = NO;
				CLANG_ANALYZER_NONNULL = YES;
				CLANG_ANALYZER_NUMBER_OBJECT_CONVERSION = YES_AGGRESSIVE;
				CLANG_CXX_LANGUAGE_STANDARD = "gnu++14";
				CLANG_CXX_LIBRARY = "libc++";
				CLANG_ENABLE_MODULES = YES;
				CLANG_ENABLE_OBJC_ARC = YES;
				CLANG_ENABLE_OBJC_WEAK = YES;
				CLANG_WARN_BLOCK_CAPTURE_AUTORELEASING = YES;
				CLANG_WARN_BOOL_CONVERSION = YES;
				CLANG_WARN_COMMA = YES;
				CLANG_WARN_CONSTANT_CONVERSION = YES;
				CLANG_WARN_DEPRECATED_OBJC_IMPLEMENTATIONS = YES;
				CLANG_WARN_DIRECT_OBJC_ISA_USAGE = YES_ERROR;
				CLANG_WARN_DOCUMENTATION_COMMENTS = YES;
				CLANG_WARN_EMPTY_BODY = YES;
				CLANG_WARN_ENUM_CONVERSION = YES;
				CLANG_WARN_INFINITE_RECURSION = YES;
				CLANG_WARN_INT_CONVERSION = YES;
				CLANG_WARN_NON_LITERAL_NULL_CONVERSION = YES;
				CLANG_WARN_OBJC_IMPLICIT_RETAIN_SELF = YES;
				CLANG_WARN_OBJC_LITERAL_CONVERSION = YES;
				CLANG_WARN_OBJC_ROOT_CLASS = YES_ERROR;
				CLANG_WARN_QUOTED_INCLUDE_IN_FRAMEWORK_HEADER = YES;
				CLANG_WARN_RANGE_LOOP_ANALYSIS = YES;
				CLANG_WARN_STRICT_PROTOTYPES = YES;
				CLANG_WARN_SUSPICIOUS_MOVE = YES;
				CLANG_WARN_UNGUARDED_AVAILABILITY = YES_AGGRESSIVE;
				CLANG_WARN_UNREACHABLE_CODE = YES;
				CLANG_WARN__DUPLICATE_METHOD_MATCH = YES;
				COPY_PHASE_STRIP = NO;
				DEBUG_INFORMATION_FORMAT = "dwarf-with-dsym";
				ENABLE_NS_ASSERTIONS = NO;
				ENABLE_STRICT_OBJC_MSGSEND = YES;
				GCC_C_LANGUAGE_STANDARD = gnu11;
				GCC_NO_COMMON_BLOCKS = YES;
				GCC_WARN_64_TO_32_BIT_CONVERSION = YES;
				GCC_WARN_ABOUT_RETURN_TYPE = YES_ERROR;
				GCC_WARN_UNDECLARED_SELECTOR = YES;
				GCC_WARN_UNINITIALIZED_AUTOS = YES_AGGRESSIVE;
				GCC_WARN_UNUSED_FUNCTION = YES;
				GCC_WARN_UNUSED_VARIABLE = YES;
				IPHONEOS_DEPLOYMENT_TARGET = 14.3;
				MTL_ENABLE_DEBUG_INFO = NO;
				MTL_FAST_MATH = YES;
				SDKROOT = iphoneos;
				SWIFT_COMPILATION_MODE = wholemodule;
				SWIFT_OPTIMIZATION_LEVEL = "-O";
				VALIDATE_PRODUCT = YES;
			};
			name = Release;
		};
		8464617525D5590000246F64 /* Debug */ = {
			isa = XCBuildConfiguration;
			buildSettings = {
				ASSETCATALOG_COMPILER_APPICON_NAME = AppIcon;
				ASSETCATALOG_COMPILER_GLOBAL_ACCENT_COLOR_NAME = AccentColor;
				CODE_SIGN_STYLE = Automatic;
				INFOPLIST_FILE = AquaProgressIndicatorSample/Info.plist;
				LD_RUNPATH_SEARCH_PATHS = (
					"$(inherited)",
					"@executable_path/Frameworks",
				);
				PRODUCT_BUNDLE_IDENTIFIER = com.sample.AquaProgressIndicatorSample;
				PRODUCT_NAME = "$(TARGET_NAME)";
				SWIFT_OBJC_BRIDGING_HEADER = "AquaProgressIndicatorSample/Briging Header/AquaProgressIndicatorSample-Bridging-Header.h";
				SWIFT_PRECOMPILE_BRIDGING_HEADER = YES;
				SWIFT_VERSION = 5.0;
				TARGETED_DEVICE_FAMILY = "1,2";
			};
			name = Debug;
		};
		8464617625D5590000246F64 /* Release */ = {
			isa = XCBuildConfiguration;
			buildSettings = {
				ASSETCATALOG_COMPILER_APPICON_NAME = AppIcon;
				ASSETCATALOG_COMPILER_GLOBAL_ACCENT_COLOR_NAME = AccentColor;
				CODE_SIGN_STYLE = Automatic;
				INFOPLIST_FILE = AquaProgressIndicatorSample/Info.plist;
				LD_RUNPATH_SEARCH_PATHS = (
					"$(inherited)",
					"@executable_path/Frameworks",
				);
				PRODUCT_BUNDLE_IDENTIFIER = com.sample.AquaProgressIndicatorSample;
				PRODUCT_NAME = "$(TARGET_NAME)";
				SWIFT_OBJC_BRIDGING_HEADER = "AquaProgressIndicatorSample/Briging Header/AquaProgressIndicatorSample-Bridging-Header.h";
				SWIFT_PRECOMPILE_BRIDGING_HEADER = YES;
				SWIFT_VERSION = 5.0;
				TARGETED_DEVICE_FAMILY = "1,2";
			};
			name = Release;
		};
/* End XCBuildConfiguration section */

/* Begin XCConfigurationList section */
		8464615B25D558FE00246F64 /* Build configuration list for PBXProject "AquaProgressIndicatorSample" */ = {
			isa = XCConfigurationList;
			buildConfigurations = (
				8464617225D5590000246F64 /* Debug */,
				8464617325D5590000246F64 /* Release */,
			);
			defaultConfigurationIsVisible = 0;
			defaultConfigurationName = Release;
		};
		8464617425D5590000246F64 /* Build configuration list for PBXNativeTarget "AquaProgressIndicatorSample" */ = {
			isa = XCConfigurationList;
			buildConfigurations = (
				8464617525D5590000246F64 /* Debug */,
				8464617625D5590000246F64 /* Release */,
			);
			defaultConfigurationIsVisible = 0;
			defaultConfigurationName = Release;
		};
/* End XCConfigurationList section */
	};
	rootObject = 8464615825D558FE00246F64 /* Project object */;
}
